<?xml version="1.0" encoding="utf-8"?>
<Project ToolsVersion="4.0" xmlns="http://schemas.microsoft.com/developer/msbuild/2003">
  <ItemGroup>
    <Filter Include="Source Files">
      <UniqueIdentifier>{4FC737F1-C7A5-4376-A066-2A32D752A2FF}</UniqueIdentifier>
      <Extensions>cpp;c;cc;cxx;def;odl;idl;hpj;bat;asm;asmx</Extensions>
    </Filter>
    <Filter Include="Header Files">
      <UniqueIdentifier>{93995380-89BD-4b04-88EB-625FBE52EBFB}</UniqueIdentifier>
      <Extensions>h;hh;hpp;hxx;hm;inl;inc;xsd</Extensions>
    </Filter>
    <Filter Include="Header Files\Classes">
      <UniqueIdentifier>{001d9ea8-a4c3-41aa-aad4-d75d2dbd96f5}</UniqueIdentifier>
    </Filter>
    <Filter Include="Source Files\Classes">
      <UniqueIdentifier>{8d0b115f-589a-4efc-b251-4f0185ef78ca}</UniqueIdentifier>
    </Filter>
    <Filter Include="Header Files\Types">
      <UniqueIdentifier>{6e4e8579-3ba4-441a-93f9-a8fa9ba4d17e}</UniqueIdentifier>
    </Filter>
    <Filter Include="Source Files\Types">
      <UniqueIdentifier>{87cb681e-8b83-46ee-8cfa-ab77b26cad5b}</UniqueIdentifier>
    </Filter>
    <Filter Include="Source Files\Input">
      <UniqueIdentifier>{2fdd36da-7fad-4e64-9801-b291959948ec}</UniqueIdentifier>
    </Filter>
    <Filter Include="Header Files\Input">
      <UniqueIdentifier>{fa2143ff-3180-4c18-8ff0-01840b6ed431}</UniqueIdentifier>
    </Filter>
    <Filter Include="Source Files\Input\XInput">
      <UniqueIdentifier>{87508a33-a3d8-43c7-8f73-9f7f7a3dc677}</UniqueIdentifier>
    </Filter>
    <Filter Include="Source Files\Render">
      <UniqueIdentifier>{203b2200-fceb-4679-bb1e-5179cf215e01}</UniqueIdentifier>
    </Filter>
    <Filter Include="Header Files\Render">
      <UniqueIdentifier>{aa76f508-359d-4961-8b5a-64122d34834b}</UniqueIdentifier>
    </Filter>
    <Filter Include="Header Files\Render\DX11">
      <UniqueIdentifier>{a731a71d-639f-4606-9b15-8dbc56307770}</UniqueIdentifier>
    </Filter>
    <Filter Include="Source Files\Render\DX11">
      <UniqueIdentifier>{170a0028-d16e-4b03-9958-8720ac72d58f}</UniqueIdentifier>
    </Filter>
    <Filter Include="Header Files\Audio">
      <UniqueIdentifier>{5584dd72-50f8-4a8f-b80f-31019278c2db}</UniqueIdentifier>
    </Filter>
    <Filter Include="Source Files\Audio">
      <UniqueIdentifier>{427aca03-436d-44c5-8444-ff14afc89dd9}</UniqueIdentifier>
    </Filter>
    <Filter Include="Header Files\Render\Common">
      <UniqueIdentifier>{f51355d8-d5ba-4a48-8c89-cf39cc8a66fe}</UniqueIdentifier>
    </Filter>
    <Filter Include="Source Files\Render\Common">
      <UniqueIdentifier>{0950e16f-b450-49ee-aabd-872974ce824f}</UniqueIdentifier>
    </Filter>
    <Filter Include="Header Files\ScriptService">
      <UniqueIdentifier>{e9ba584d-2964-41e2-9a2f-6d0b0ef8cf09}</UniqueIdentifier>
    </Filter>
    <Filter Include="Source Files\ScriptService">
      <UniqueIdentifier>{b487ae52-04ba-46a6-984b-055d004a2353}</UniqueIdentifier>
    </Filter>
    <Filter Include="Source Files\Window">
      <UniqueIdentifier>{9960cba4-e646-4567-b16c-ad82d7a28084}</UniqueIdentifier>
    </Filter>
    <Filter Include="Header Files\Window">
      <UniqueIdentifier>{3f210fa8-f221-4b35-9824-33dfeab68729}</UniqueIdentifier>
    </Filter>
    <Filter Include="Source Files\UI">
      <UniqueIdentifier>{4c33d0e9-68b6-4465-a427-d1d12926e7cc}</UniqueIdentifier>
    </Filter>
    <Filter Include="Header Files\UI">
      <UniqueIdentifier>{a76ea511-d227-4403-afda-e902e83fe3c8}</UniqueIdentifier>
    </Filter>
    <Filter Include="Source Files\Render\DX11\DXUT">
      <UniqueIdentifier>{f9ecaf64-71fb-4a4e-94ec-b7c29afce0c8}</UniqueIdentifier>
    </Filter>
    <Filter Include="Header Files\Render\DX11\DXUT">
      <UniqueIdentifier>{7cd11e25-c175-4158-af3c-5563f7939def}</UniqueIdentifier>
    </Filter>
    <Filter Include="Header Files\Render\DX11\UI">
      <UniqueIdentifier>{4208738d-a548-4872-bf93-1648e184baa0}</UniqueIdentifier>
    </Filter>
    <Filter Include="Source Files\Render\DX11\UI">
      <UniqueIdentifier>{ceef47a7-7c30-4cb3-89e2-e6c5d425c634}</UniqueIdentifier>
    </Filter>
    <Filter Include="Source Files\Parser">
      <UniqueIdentifier>{f3f6708d-6203-46a7-badc-dcefac514589}</UniqueIdentifier>
    </Filter>
    <Filter Include="Header Files\Parser">
      <UniqueIdentifier>{e641afec-6bed-4076-90fd-81a8746e046d}</UniqueIdentifier>
    </Filter>
    <Filter Include="Header Files\Parser\tinyxml">
      <UniqueIdentifier>{a7a5f237-6c7d-4287-b0a6-48857d462e53}</UniqueIdentifier>
    </Filter>
    <Filter Include="Source Files\Parser\tinyxml">
      <UniqueIdentifier>{1b38ba9d-f361-4a86-b33a-012a94b25ddb}</UniqueIdentifier>
    </Filter>
    <Filter Include="Header Files\Render\OGL">
      <UniqueIdentifier>{1a9332a9-cefe-4e0b-aa9d-d0379e2da521}</UniqueIdentifier>
    </Filter>
    <Filter Include="Source Files\Render\OGL">
      <UniqueIdentifier>{f3c342b5-041a-4a37-9eb8-0484765c1eb8}</UniqueIdentifier>
    </Filter>
  </ItemGroup>
  <ItemGroup>
    <ClCompile Include="Window\WindowSystem.cpp">
      <Filter>Source Files</Filter>
    </ClCompile>
    <ClCompile Include="Types\Vector2.cpp">
      <Filter>Source Files</Filter>
    </ClCompile>
    <ClCompile Include="Types\Vector3.cpp">
      <Filter>Source Files</Filter>
    </ClCompile>
    <ClCompile Include="Classes\Instance.cpp">
      <Filter>Source Files</Filter>
    </ClCompile>
    <ClCompile Include="Parser\tinyxml\tinyxml2.cpp">
      <Filter>Source Files</Filter>
    </ClCompile>
    <ClCompile Include="Core\Clipboard.cpp">
      <Filter>Source Files</Filter>
    </ClCompile>
    <ClCompile Include="Core\Config.cpp">
      <Filter>Source Files</Filter>
    </ClCompile>
    <ClCompile Include="Core\Filesystem.cpp">
      <Filter>Source Files</Filter>
    </ClCompile>
    <ClCompile Include="Input\RareInput.cpp">
      <Filter>Source Files</Filter>
    </ClCompile>
    <ClCompile Include="RSEngine.cpp">
      <Filter>Source Files</Filter>
    </ClCompile>
    <ClCompile Include="Editor\Editor.cpp">
      <Filter>Source Files</Filter>
    </ClCompile>
    <ClCompile Include="Classes\BasePart.cpp">
      <Filter>Source Files</Filter>
    </ClCompile>
    <ClCompile Include="Classes\Folder.cpp">
      <Filter>Source Files</Filter>
    </ClCompile>
    <ClCompile Include="Core\Console.cpp">
      <Filter>Source Files</Filter>
    </ClCompile>
    <ClCompile Include="Editor\EdAssetExplorer.cpp">
      <Filter>Source Files</Filter>
    </ClCompile>
    <ClCompile Include="Editor\EdConsole.cpp">
      <Filter>Source Files</Filter>
    </ClCompile>
    <ClCompile Include="Editor\EdInstanceView.cpp">
      <Filter>Source Files</Filter>
    </ClCompile>
    <ClCompile Include="Editor\EditorComponent.cpp">
      <Filter>Source Files</Filter>
    </ClCompile>
    <ClCompile Include="Editor\EdViewport.cpp">
      <Filter>Source Files</Filter>
    </ClCompile>
    <ClCompile Include="Classes\Camera.cpp">
      <Filter>Source Files</Filter>
    </ClCompile>
    <ClCompile Include="Parser\RareParser.cpp">
      <Filter>Source Files</Filter>
    </ClCompile>
    <ClCompile Include="Classes\Part.cpp">
      <Filter>Source Files</Filter>
    </ClCompile>
    <ClCompile Include="Classes\MeshPart.cpp">
      <Filter>Source Files</Filter>
    </ClCompile>
    <ClCompile Include="Core\GameLib.cpp">
      <Filter>Source Files</Filter>
    </ClCompile>
    <ClCompile Include="Input\libScePad\RSScePad.cpp">
      <Filter>Source Files</Filter>
    </ClCompile>
    <ClCompile Include="Classes\Texture.cpp">
      <Filter>Source Files</Filter>
    </ClCompile>
    <ClCompile Include="Core\Engine.cpp">
      <Filter>Source Files</Filter>
    </ClCompile>
    <ClCompile Include="Classes\EngineClass.cpp">
      <Filter>Source Files</Filter>
    </ClCompile>
    <ClCompile Include="Editor\EdInstanceProperties.cpp">
      <Filter>Source Files</Filter>
    </ClCompile>
    <ClCompile Include="Editor\EdClassHelper.cpp">
      <Filter>Source Files</Filter>
    </ClCompile>
    <ClCompile Include="Renderer\RSRender_Camera.cpp">
      <Filter>Source Files</Filter>
    </ClCompile>
    <ClCompile Include="Renderer\RSRender_Shader.cpp">
      <Filter>Source Files</Filter>
    </ClCompile>
    <ClCompile Include="Physics\RSPhysics.cpp">
      <Filter>Source Files</Filter>
    </ClCompile>
    <ClCompile Include="Net\RSNetHost.cpp">
      <Filter>Source Files</Filter>
    </ClCompile>
    <ClCompile Include="Net\RSNetServer.cpp">
      <Filter>Source Files</Filter>
    </ClCompile>
    <ClCompile Include="Audio\AudioHost.cpp">
      <Filter>Source Files</Filter>
    </ClCompile>
    <ClCompile Include="Level\Level.cpp">
      <Filter>Source Files</Filter>
    </ClCompile>
    <ClCompile Include="Level\LevelClassHelper.cpp">
      <Filter>Source Files</Filter>
    </ClCompile>
    <ClCompile Include="Level\LevelSerializer.cpp">
      <Filter>Source Files</Filter>
    </ClCompile>
    <ClCompile Include="Level\LevelDeserializer.cpp">
      <Filter>Source Files</Filter>
    </ClCompile>
    <ClCompile Include="Script\RSScriptingEngine.cpp">
      <Filter>Source Files</Filter>
    </ClCompile>
    <ClCompile Include="Renderer\RSGeometryGenerator.cpp">
      <Filter>Source Files</Filter>
    </ClCompile>
    <ClCompile Include="Renderer\stb_image.cpp">
      <Filter>Source Files</Filter>
    </ClCompile>
    <ClCompile Include="Renderer\RSRender_Class.cpp">
      <Filter>Source Files</Filter>
    </ClCompile>
    <ClCompile Include="Renderer\RSRender_Target.cpp">
      <Filter>Source Files</Filter>
    </ClCompile>
    <ClCompile Include="UI\RSEngine_UI.cpp">
      <Filter>Source Files</Filter>
    </ClCompile>
    <ClCompile Include="Renderer\LoadModel_OBJ.cpp">
      <Filter>Source Files</Filter>
    </ClCompile>
    <ClCompile Include="ThirdParty\ImGui\imgui.cpp">
      <Filter>Source Files</Filter>
    </ClCompile>
    <ClCompile Include="ThirdParty\ImGui\imgui_draw.cpp">
      <Filter>Source Files</Filter>
    </ClCompile>
    <ClCompile Include="ThirdParty\ImGui\imgui_impl_dx11.cpp">
      <Filter>Source Files</Filter>
    </ClCompile>
    <ClCompile Include="ThirdParty\ImGui\imgui_impl_win32.cpp">
      <Filter>Source Files</Filter>
    </ClCompile>
    <ClCompile Include="ThirdParty\ImGui\imgui_stdlib.cpp">
      <Filter>Source Files</Filter>
    </ClCompile>
    <ClCompile Include="ThirdParty\ImGui\imgui_widgets.cpp">
      <Filter>Source Files</Filter>
    </ClCompile>
    <ClCompile Include="Classes\SceneLighting.cpp">
      <Filter>Source Files</Filter>
    </ClCompile>
    <ClCompile Include="Renderer\RSRenderBuffer.cpp">
      <Filter>Source Files</Filter>
    </ClCompile>
    <ClCompile Include="Classes\LevelRoot.cpp">
      <Filter>Source Files</Filter>
    </ClCompile>
    <ClCompile Include="Classes\Skybox.cpp">
      <Filter>Source Files</Filter>
    </ClCompile>
  </ItemGroup>
  <ItemGroup>
    <ClInclude Include="Include\Classes\Instance.h">
      <Filter>Header Files</Filter>
    </ClInclude>
    <ClInclude Include="Include\Types\InputType.h">
      <Filter>Header Files</Filter>
    </ClInclude>
    <ClInclude Include="Include\Types\Vector2.h">
      <Filter>Header Files</Filter>
    </ClInclude>
    <ClInclude Include="Include\Types\Vector3.h">
      <Filter>Header Files</Filter>
    </ClInclude>
    <ClInclude Include="Include\Parser\tinyxml\tinyxml2.h">
      <Filter>Header Files</Filter>
    </ClInclude>
    <ClInclude Include="Include\Window\WindowSystem.h">
      <Filter>Header Files</Filter>
    </ClInclude>
    <ClInclude Include="Include\Core\Config.h">
      <Filter>Header Files</Filter>
    </ClInclude>
    <ClInclude Include="Include\Core\Clipboard.h">
      <Filter>Header Files</Filter>
    </ClInclude>
    <ClInclude Include="Include\Core\Filesystem.h">
      <Filter>Header Files</Filter>
    </ClInclude>
    <ClInclude Include="Include\Types\RareTypes.h">
      <Filter>Header Files</Filter>
    </ClInclude>
    <ClInclude Include="Include\Input\RareInput.h">
      <Filter>Header Files</Filter>
    </ClInclude>
    <ClInclude Include="Include\Parser\RareParser.h">
      <Filter>Header Files</Filter>
    </ClInclude>
    <ClInclude Include="Include\Types\RareRes.h">
      <Filter>Header Files</Filter>
    </ClInclude>
    <ClInclude Include="Include\Input\Gamepad.h">
      <Filter>Header Files</Filter>
    </ClInclude>
    <ClInclude Include="Include\Editor\Editor.h">
      <Filter>Header Files</Filter>
    </ClInclude>
    <ClInclude Include="Include\Classes\RSClasses.h">
      <Filter>Header Files</Filter>
    </ClInclude>
    <ClInclude Include="Include\Classes\BasePart.h">
      <Filter>Header Files</Filter>
    </ClInclude>
    <ClInclude Include="Include\Classes\Folder.h">
      <Filter>Header Files</Filter>
    </ClInclude>
    <ClInclude Include="Include\Core\Console.h">
      <Filter>Header Files</Filter>
    </ClInclude>
    <ClInclude Include="Include\Editor\EdAssetExplorer.h">
      <Filter>Header Files</Filter>
    </ClInclude>
    <ClInclude Include="Include\Editor\EdConsole.h">
      <Filter>Header Files</Filter>
    </ClInclude>
    <ClInclude Include="Include\Editor\EdInstanceView.h">
      <Filter>Header Files</Filter>
    </ClInclude>
    <ClInclude Include="Include\Editor\EditorComponent.h">
      <Filter>Header Files</Filter>
    </ClInclude>
    <ClInclude Include="Include\Editor\EditorStyle.h">
      <Filter>Header Files</Filter>
    </ClInclude>
    <ClInclude Include="Include\Editor\EdViewport.h">
      <Filter>Header Files</Filter>
    </ClInclude>
    <ClInclude Include="Include\Classes\Camera.h">
      <Filter>Header Files</Filter>
    </ClInclude>
    <ClInclude Include="Include\Classes\Part.h">
      <Filter>Header Files</Filter>
    </ClInclude>
    <ClInclude Include="Include\Classes\MeshPart.h">
      <Filter>Header Files</Filter>
    </ClInclude>
    <ClInclude Include="Include\Types\MeshData.h">
      <Filter>Header Files</Filter>
    </ClInclude>
    <ClInclude Include="Include\Editor\EdUtilities.h">
      <Filter>Header Files</Filter>
    </ClInclude>
    <ClInclude Include="Include\Core\GameLib.h">
      <Filter>Header Files</Filter>
    </ClInclude>
    <ClInclude Include="Include\Input\libScePad\RSScePad.h">
      <Filter>Header Files</Filter>
    </ClInclude>
    <ClInclude Include="Include\Classes\Texture.h">
      <Filter>Header Files</Filter>
    </ClInclude>
    <ClInclude Include="Include\Core\Engine.h">
      <Filter>Header Files</Filter>
    </ClInclude>
    <ClInclude Include="Include\Classes\EngineClass.h">
      <Filter>Header Files</Filter>
    </ClInclude>
    <ClInclude Include="Include\Types\RSRenderMath.h">
      <Filter>Header Files</Filter>
    </ClInclude>
    <ClInclude Include="Include\Editor\EdInstanceProperties.h">
      <Filter>Header Files</Filter>
    </ClInclude>
    <ClInclude Include="Include\Editor\EdClassHelper.h">
      <Filter>Header Files</Filter>
    </ClInclude>
    <ClInclude Include="Include\Renderer\RSRender.h">
      <Filter>Header Files</Filter>
    </ClInclude>
    <ClInclude Include="Include\Physics\RSPhysics.h">
      <Filter>Header Files</Filter>
    </ClInclude>
    <ClInclude Include="Include\Types\rsMesh.h">
      <Filter>Header Files</Filter>
    </ClInclude>
    <ClInclude Include="Include\Types\ConVar.h">
      <Filter>Header Files</Filter>
    </ClInclude>
    <ClInclude Include="Include\Renderer\RSRender_Enums.h">
      <Filter>Header Files</Filter>
    </ClInclude>
    <ClInclude Include="Include\Renderer\RSRender_Structs.h">
      <Filter>Header Files</Filter>
    </ClInclude>
    <ClInclude Include="Include\Renderer\RSRender_Buffer.h">
      <Filter>Header Files</Filter>
    </ClInclude>
    <ClInclude Include="Include\Renderer\RSRender_Target.h">
      <Filter>Header Files</Filter>
    </ClInclude>
    <ClInclude Include="Include\UI\RSEngine_UI.h">
      <Filter>Header Files</Filter>
    </ClInclude>
    <ClInclude Include="Include\Renderer\RSGeometryGenerator.h">
      <Filter>Header Files</Filter>
    </ClInclude>
    <ClInclude Include="Include\Renderer\RSRender_Shader.h">
      <Filter>Header Files</Filter>
    </ClInclude>
    <ClInclude Include="Include\Renderer\RSRender_Pipeline.h">
      <Filter>Header Files</Filter>
    </ClInclude>
    <ClInclude Include="Include\Renderer\stb_image.h">
      <Filter>Header Files</Filter>
    </ClInclude>
    <ClInclude Include="Include\Renderer\tiny_obj_loader.h">
      <Filter>Header Files</Filter>
    </ClInclude>
    <ClInclude Include="Include\Renderer\LoadModel_OBJ.h">
      <Filter>Header Files</Filter>
    </ClInclude>
    <ClInclude Include="Include\ThirdParty\ImGui\imconfig.h">
      <Filter>Header Files</Filter>
    </ClInclude>
    <ClInclude Include="Include\ThirdParty\ImGui\imgui.h">
      <Filter>Header Files</Filter>
    </ClInclude>
    <ClInclude Include="Include\ThirdParty\ImGui\imgui_impl_dx11.h">
      <Filter>Header Files</Filter>
    </ClInclude>
    <ClInclude Include="Include\ThirdParty\ImGui\imgui_impl_win32.h">
      <Filter>Header Files</Filter>
    </ClInclude>
    <ClInclude Include="Include\ThirdParty\ImGui\imgui_internal.h">
      <Filter>Header Files</Filter>
    </ClInclude>
    <ClInclude Include="Include\ThirdParty\ImGui\imgui_stdlib.h">
      <Filter>Header Files</Filter>
    </ClInclude>
    <ClInclude Include="Include\ThirdParty\ImGui\imstb_rectpack.h">
      <Filter>Header Files</Filter>
    </ClInclude>
    <ClInclude Include="Include\ThirdParty\ImGui\imstb_textedit.h">
      <Filter>Header Files</Filter>
    </ClInclude>
    <ClInclude Include="Include\ThirdParty\ImGui\imstb_truetype.h">
      <Filter>Header Files</Filter>
    </ClInclude>
    <ClInclude Include="Include\Core\RSErrorHandling.h">
      <Filter>Header Files</Filter>
    </ClInclude>
    <ClInclude Include="Include\Classes\SceneLighting.h">
      <Filter>Header Files</Filter>
    </ClInclude>
    <ClInclude Include="Include\Level\Level.h">
      <Filter>Header Files</Filter>
    </ClInclude>
    <ClInclude Include="Include\Classes\LevelRoot.h">
      <Filter>Header Files</Filter>
    </ClInclude>
    <ClInclude Include="Include\Renderer\RSRender_Camera.h">
      <Filter>Header Files</Filter>
    </ClInclude>
    <ClInclude Include="Include\Classes\Skybox.h">
      <Filter>Header Files</Filter>
    </ClInclude>
  </ItemGroup>
</Project>