
Microsoft Visual Studio Solution File, Format Version 12.00
# Visual Studio 15
VisualStudioVersion = 15.0.28307.421
MinimumVisualStudioVersion = 10.0.40219.1
Project("{8BC9CEB8-8B4A-11D0-8D11-00A0C91BC942}") = "texconv", "Tools\texconv\texconv.vcxproj", "{0A127210-DADA-4016-ACD4-40FE8319672E}"
EndProject
Project("{8BC9CEB8-8B4A-11D0-8D11-00A0C91BC942}") = "rarepack", "Tools\rarepack\rarepack.vcxproj", "{F8FADCC2-BCC8-4EDB-8E92-7770A65ED5AE}"
EndProject
Project("{8BC9CEB8-8B4A-11D0-8D11-00A0C91BC942}") = "eng_hsplit", "Tools\eng_hsplit\eng_hsplit.vcxproj", "{62512045-D664-4F10-861B-7C37BD02015D}"
EndProject
Project("{2150E333-8FDC-42A3-9474-1A3956D46DE8}") = "tools", "tools", "{6413BD13-91E4-4E03-BFB2-E93F5EA1E78D}"
EndProject
Project("{2150E333-8FDC-42A3-9474-1A3956D46DE8}") = "core", "core", "{CC53B604-CD80-412C-9CAE-7DC97CBF28EA}"
EndProject
Project("{2150E333-8FDC-42A3-9474-1A3956D46DE8}") = "Samples", "Samples", "{A8E6630B-114D-4C73-B0BD-7AB5D033711C}"
EndProject
Project("{8BC9CEB8-8B4A-11D0-8D11-00A0C91BC942}") = "Launcher", "Core\Launcher\Launcher.vcxproj", "{3FE8275A-D172-49BC-B7F5-85D465F92F97}"
	ProjectSection(ProjectDependencies) = postProject
		{12FB0792-D7B8-4FD5-BE5F-FD1715F9C785} = {12FB0792-D7B8-4FD5-BE5F-FD1715F9C785}
	EndProjectSection
EndProject
Project("{8BC9CEB8-8B4A-11D0-8D11-00A0C91BC942}") = "Renderer", "Core\Renderer\Renderer.vcxproj", "{CA37B23E-2339-40CD-8FA6-A2C02F709706}"
EndProject
Project("{8BC9CEB8-8B4A-11D0-8D11-00A0C91BC942}") = "Engine", "Core\RSEngine\RSEngine.vcxproj", "{12FB0792-D7B8-4FD5-BE5F-FD1715F9C785}"
	ProjectSection(ProjectDependencies) = postProject
		{CA37B23E-2339-40CD-8FA6-A2C02F709706} = {CA37B23E-2339-40CD-8FA6-A2C02F709706}
	EndProjectSection
EndProject
Project("{8BC9CEB8-8B4A-11D0-8D11-00A0C91BC942}") = "shaders", "Core\shaders\shaders.vcxproj", "{D6FAC40F-9CE9-43B6-AAFD-1E410AAC70F8}"
EndProject
Project("{8BC9CEB8-8B4A-11D0-8D11-00A0C91BC942}") = "ThirdPersonProject", "Samples\ThirdPersonProject\ThirdPersonProject.vcxproj", "{CD3C974E-1F82-40B5-919F-0C4A640671EE}"
	ProjectSection(ProjectDependencies) = postProject
		{12FB0792-D7B8-4FD5-BE5F-FD1715F9C785} = {12FB0792-D7B8-4FD5-BE5F-FD1715F9C785}
	EndProjectSection
EndProject
Project("{8BC9CEB8-8B4A-11D0-8D11-00A0C91BC942}") = "FirstPersonProject", "Samples\FirstPersonProject\FirstPersonProject.vcxproj", "{65DC2798-A471-40A3-B800-39ABC872B96F}"
	ProjectSection(ProjectDependencies) = postProject
		{12FB0792-D7B8-4FD5-BE5F-FD1715F9C785} = {12FB0792-D7B8-4FD5-BE5F-FD1715F9C785}
	EndProjectSection
EndProject
Global
	GlobalSection(SolutionConfigurationPlatforms) = preSolution
		Debug|ORBIS = Debug|ORBIS
		Debug|x64 = Debug|x64
		Debug|x86 = Debug|x86
		Debug-D3D11|ORBIS = Debug-D3D11|ORBIS
		Debug-D3D11|x64 = Debug-D3D11|x64
		Debug-D3D11|x86 = Debug-D3D11|x86
		Release|ORBIS = Release|ORBIS
		Release|x64 = Release|x64
		Release|x86 = Release|x86
		Release-D3D11|ORBIS = Release-D3D11|ORBIS
		Release-D3D11|x64 = Release-D3D11|x64
		Release-D3D11|x86 = Release-D3D11|x86
	EndGlobalSection
	GlobalSection(ProjectConfigurationPlatforms) = postSolution
		{0A127210-DADA-4016-ACD4-40FE8319672E}.Debug|ORBIS.ActiveCfg = Debug|x64
		{0A127210-DADA-4016-ACD4-40FE8319672E}.Debug|x64.ActiveCfg = Debug|x64
		{0A127210-DADA-4016-ACD4-40FE8319672E}.Debug|x64.Build.0 = Debug|x64
		{0A127210-DADA-4016-ACD4-40FE8319672E}.Debug|x86.ActiveCfg = Debug|x64
		{0A127210-DADA-4016-ACD4-40FE8319672E}.Debug-D3D11|ORBIS.ActiveCfg = Debug-D3D11|x64
		{0A127210-DADA-4016-ACD4-40FE8319672E}.Debug-D3D11|x64.ActiveCfg = Debug-D3D11|x64
		{0A127210-DADA-4016-ACD4-40FE8319672E}.Debug-D3D11|x64.Build.0 = Debug-D3D11|x64
		{0A127210-DADA-4016-ACD4-40FE8319672E}.Debug-D3D11|x86.ActiveCfg = Debug-D3D11|x64
		{0A127210-DADA-4016-ACD4-40FE8319672E}.Release|ORBIS.ActiveCfg = Release|x64
		{0A127210-DADA-4016-ACD4-40FE8319672E}.Release|x64.ActiveCfg = Release|x64
		{0A127210-DADA-4016-ACD4-40FE8319672E}.Release|x64.Build.0 = Release|x64
		{0A127210-DADA-4016-ACD4-40FE8319672E}.Release|x86.ActiveCfg = Release|x64
		{0A127210-DADA-4016-ACD4-40FE8319672E}.Release-D3D11|ORBIS.ActiveCfg = Release-D3D11|x64
		{0A127210-DADA-4016-ACD4-40FE8319672E}.Release-D3D11|x64.ActiveCfg = Release-D3D11|x64
		{0A127210-DADA-4016-ACD4-40FE8319672E}.Release-D3D11|x64.Build.0 = Release-D3D11|x64
		{0A127210-DADA-4016-ACD4-40FE8319672E}.Release-D3D11|x86.ActiveCfg = Release-D3D11|x64
		{F8FADCC2-BCC8-4EDB-8E92-7770A65ED5AE}.Debug|ORBIS.ActiveCfg = Debug|x64
		{F8FADCC2-BCC8-4EDB-8E92-7770A65ED5AE}.Debug|x64.ActiveCfg = Debug|x64
		{F8FADCC2-BCC8-4EDB-8E92-7770A65ED5AE}.Debug|x64.Build.0 = Debug|x64
		{F8FADCC2-BCC8-4EDB-8E92-7770A65ED5AE}.Debug|x86.ActiveCfg = Debug|x64
		{F8FADCC2-BCC8-4EDB-8E92-7770A65ED5AE}.Debug-D3D11|ORBIS.ActiveCfg = Debug-D3D11|x64
		{F8FADCC2-BCC8-4EDB-8E92-7770A65ED5AE}.Debug-D3D11|x64.ActiveCfg = Debug-D3D11|x64
		{F8FADCC2-BCC8-4EDB-8E92-7770A65ED5AE}.Debug-D3D11|x64.Build.0 = Debug-D3D11|x64
		{F8FADCC2-BCC8-4EDB-8E92-7770A65ED5AE}.Debug-D3D11|x86.ActiveCfg = Debug-D3D11|x64
		{F8FADCC2-BCC8-4EDB-8E92-7770A65ED5AE}.Release|ORBIS.ActiveCfg = Release|x64
		{F8FADCC2-BCC8-4EDB-8E92-7770A65ED5AE}.Release|x64.ActiveCfg = Release|x64
		{F8FADCC2-BCC8-4EDB-8E92-7770A65ED5AE}.Release|x64.Build.0 = Release|x64
		{F8FADCC2-BCC8-4EDB-8E92-7770A65ED5AE}.Release|x86.ActiveCfg = Release|x64
		{F8FADCC2-BCC8-4EDB-8E92-7770A65ED5AE}.Release-D3D11|ORBIS.ActiveCfg = Release-D3D11|x64
		{F8FADCC2-BCC8-4EDB-8E92-7770A65ED5AE}.Release-D3D11|x64.ActiveCfg = Release-D3D11|x64
		{F8FADCC2-BCC8-4EDB-8E92-7770A65ED5AE}.Release-D3D11|x64.Build.0 = Release-D3D11|x64
		{F8FADCC2-BCC8-4EDB-8E92-7770A65ED5AE}.Release-D3D11|x86.ActiveCfg = Release-D3D11|x64
		{62512045-D664-4F10-861B-7C37BD02015D}.Debug|ORBIS.ActiveCfg = Debug|x64
		{62512045-D664-4F10-861B-7C37BD02015D}.Debug|x64.ActiveCfg = Debug|x64
		{62512045-D664-4F10-861B-7C37BD02015D}.Debug|x64.Build.0 = Debug|x64
		{62512045-D664-4F10-861B-7C37BD02015D}.Debug|x86.ActiveCfg = Debug|x64
		{62512045-D664-4F10-861B-7C37BD02015D}.Debug-D3D11|ORBIS.ActiveCfg = Debug-D3D11|x64
		{62512045-D664-4F10-861B-7C37BD02015D}.Debug-D3D11|x64.ActiveCfg = Debug-D3D11|x64
		{62512045-D664-4F10-861B-7C37BD02015D}.Debug-D3D11|x64.Build.0 = Debug-D3D11|x64
		{62512045-D664-4F10-861B-7C37BD02015D}.Debug-D3D11|x86.ActiveCfg = Debug-D3D11|x64
		{62512045-D664-4F10-861B-7C37BD02015D}.Release|ORBIS.ActiveCfg = Release|x64
		{62512045-D664-4F10-861B-7C37BD02015D}.Release|x64.ActiveCfg = Release|x64
		{62512045-D664-4F10-861B-7C37BD02015D}.Release|x64.Build.0 = Release|x64
		{62512045-D664-4F10-861B-7C37BD02015D}.Release|x86.ActiveCfg = Release|x64
		{62512045-D664-4F10-861B-7C37BD02015D}.Release-D3D11|ORBIS.ActiveCfg = Release-D3D11|x64
		{62512045-D664-4F10-861B-7C37BD02015D}.Release-D3D11|x64.ActiveCfg = Release-D3D11|x64
		{62512045-D664-4F10-861B-7C37BD02015D}.Release-D3D11|x64.Build.0 = Release-D3D11|x64
		{62512045-D664-4F10-861B-7C37BD02015D}.Release-D3D11|x86.ActiveCfg = Release-D3D11|x64
		{3FE8275A-D172-49BC-B7F5-85D465F92F97}.Debug|ORBIS.ActiveCfg = Debug|x64
		{3FE8275A-D172-49BC-B7F5-85D465F92F97}.Debug|x64.ActiveCfg = Debug|x64
		{3FE8275A-D172-49BC-B7F5-85D465F92F97}.Debug|x64.Build.0 = Debug|x64
		{3FE8275A-D172-49BC-B7F5-85D465F92F97}.Debug|x86.ActiveCfg = Debug|x64
		{3FE8275A-D172-49BC-B7F5-85D465F92F97}.Debug-D3D11|ORBIS.ActiveCfg = Debug-D3D11|x64
		{3FE8275A-D172-49BC-B7F5-85D465F92F97}.Debug-D3D11|x64.ActiveCfg = Debug-D3D11|x64
		{3FE8275A-D172-49BC-B7F5-85D465F92F97}.Debug-D3D11|x64.Build.0 = Debug-D3D11|x64
		{3FE8275A-D172-49BC-B7F5-85D465F92F97}.Debug-D3D11|x86.ActiveCfg = Debug-D3D11|x64
		{3FE8275A-D172-49BC-B7F5-85D465F92F97}.Release|ORBIS.ActiveCfg = Release|x64
		{3FE8275A-D172-49BC-B7F5-85D465F92F97}.Release|x64.ActiveCfg = Release|x64
		{3FE8275A-D172-49BC-B7F5-85D465F92F97}.Release|x64.Build.0 = Release|x64
		{3FE8275A-D172-49BC-B7F5-85D465F92F97}.Release|x86.ActiveCfg = Release|x64
		{3FE8275A-D172-49BC-B7F5-85D465F92F97}.Release-D3D11|ORBIS.ActiveCfg = Release-D3D11|x64
		{3FE8275A-D172-49BC-B7F5-85D465F92F97}.Release-D3D11|x64.ActiveCfg = Release-D3D11|x64
		{3FE8275A-D172-49BC-B7F5-85D465F92F97}.Release-D3D11|x64.Build.0 = Release-D3D11|x64
		{3FE8275A-D172-49BC-B7F5-85D465F92F97}.Release-D3D11|x86.ActiveCfg = Release-D3D11|x64
		{CA37B23E-2339-40CD-8FA6-A2C02F709706}.Debug|ORBIS.ActiveCfg = Debug|Win32
		{CA37B23E-2339-40CD-8FA6-A2C02F709706}.Debug|x64.ActiveCfg = Debug|x64
		{CA37B23E-2339-40CD-8FA6-A2C02F709706}.Debug|x64.Build.0 = Debug|x64
		{CA37B23E-2339-40CD-8FA6-A2C02F709706}.Debug|x86.ActiveCfg = Debug|Win32
		{CA37B23E-2339-40CD-8FA6-A2C02F709706}.Debug|x86.Build.0 = Debug|Win32
		{CA37B23E-2339-40CD-8FA6-A2C02F709706}.Debug-D3D11|ORBIS.ActiveCfg = Debug-D3D11|Win32
		{CA37B23E-2339-40CD-8FA6-A2C02F709706}.Debug-D3D11|x64.ActiveCfg = Debug-D3D11|x64
		{CA37B23E-2339-40CD-8FA6-A2C02F709706}.Debug-D3D11|x64.Build.0 = Debug-D3D11|x64
		{CA37B23E-2339-40CD-8FA6-A2C02F709706}.Debug-D3D11|x86.ActiveCfg = Debug-D3D11|Win32
		{CA37B23E-2339-40CD-8FA6-A2C02F709706}.Debug-D3D11|x86.Build.0 = Debug-D3D11|Win32
		{CA37B23E-2339-40CD-8FA6-A2C02F709706}.Release|ORBIS.ActiveCfg = Release|Win32
		{CA37B23E-2339-40CD-8FA6-A2C02F709706}.Release|x64.ActiveCfg = Release|x64
		{CA37B23E-2339-40CD-8FA6-A2C02F709706}.Release|x64.Build.0 = Release|x64
		{CA37B23E-2339-40CD-8FA6-A2C02F709706}.Release|x86.ActiveCfg = Release|Win32
		{CA37B23E-2339-40CD-8FA6-A2C02F709706}.Release|x86.Build.0 = Release|Win32
		{CA37B23E-2339-40CD-8FA6-A2C02F709706}.Release-D3D11|ORBIS.ActiveCfg = Release-D3D11|Win32
		{CA37B23E-2339-40CD-8FA6-A2C02F709706}.Release-D3D11|x64.ActiveCfg = Release-D3D11|x64
		{CA37B23E-2339-40CD-8FA6-A2C02F709706}.Release-D3D11|x64.Build.0 = Release-D3D11|x64
		{CA37B23E-2339-40CD-8FA6-A2C02F709706}.Release-D3D11|x86.ActiveCfg = Release-D3D11|Win32
		{CA37B23E-2339-40CD-8FA6-A2C02F709706}.Release-D3D11|x86.Build.0 = Release-D3D11|Win32
		{12FB0792-D7B8-4FD5-BE5F-FD1715F9C785}.Debug|ORBIS.ActiveCfg = Debug|ORBIS
		{12FB0792-D7B8-4FD5-BE5F-FD1715F9C785}.Debug|ORBIS.Build.0 = Debug|ORBIS
		{12FB0792-D7B8-4FD5-BE5F-FD1715F9C785}.Debug|x64.ActiveCfg = Debug|x64
		{12FB0792-D7B8-4FD5-BE5F-FD1715F9C785}.Debug|x64.Build.0 = Debug|x64
		{12FB0792-D7B8-4FD5-BE5F-FD1715F9C785}.Debug|x86.ActiveCfg = Debug|x64
		{12FB0792-D7B8-4FD5-BE5F-FD1715F9C785}.Debug-D3D11|ORBIS.ActiveCfg = Debug-D3D11|ORBIS
		{12FB0792-D7B8-4FD5-BE5F-FD1715F9C785}.Debug-D3D11|ORBIS.Build.0 = Debug-D3D11|ORBIS
		{12FB0792-D7B8-4FD5-BE5F-FD1715F9C785}.Debug-D3D11|x64.ActiveCfg = Debug-D3D11|x64
		{12FB0792-D7B8-4FD5-BE5F-FD1715F9C785}.Debug-D3D11|x64.Build.0 = Debug-D3D11|x64
		{12FB0792-D7B8-4FD5-BE5F-FD1715F9C785}.Debug-D3D11|x86.ActiveCfg = Debug-D3D11|x64
		{12FB0792-D7B8-4FD5-BE5F-FD1715F9C785}.Release|ORBIS.ActiveCfg = Release|ORBIS
		{12FB0792-D7B8-4FD5-BE5F-FD1715F9C785}.Release|ORBIS.Build.0 = Release|ORBIS
		{12FB0792-D7B8-4FD5-BE5F-FD1715F9C785}.Release|x64.ActiveCfg = Release|x64
		{12FB0792-D7B8-4FD5-BE5F-FD1715F9C785}.Release|x64.Build.0 = Release|x64
		{12FB0792-D7B8-4FD5-BE5F-FD1715F9C785}.Release|x86.ActiveCfg = Release|x64
		{12FB0792-D7B8-4FD5-BE5F-FD1715F9C785}.Release-D3D11|ORBIS.ActiveCfg = Release-D3D11|ORBIS
		{12FB0792-D7B8-4FD5-BE5F-FD1715F9C785}.Release-D3D11|ORBIS.Build.0 = Release-D3D11|ORBIS
		{12FB0792-D7B8-4FD5-BE5F-FD1715F9C785}.Release-D3D11|x64.ActiveCfg = Release-D3D11|x64
		{12FB0792-D7B8-4FD5-BE5F-FD1715F9C785}.Release-D3D11|x64.Build.0 = Release-D3D11|x64
		{12FB0792-D7B8-4FD5-BE5F-FD1715F9C785}.Release-D3D11|x86.ActiveCfg = Release-D3D11|x64
		{D6FAC40F-9CE9-43B6-AAFD-1E410AAC70F8}.Debug|ORBIS.ActiveCfg = Debug|x64
		{D6FAC40F-9CE9-43B6-AAFD-1E410AAC70F8}.Debug|x64.ActiveCfg = Debug|x64
		{D6FAC40F-9CE9-43B6-AAFD-1E410AAC70F8}.Debug|x64.Build.0 = Debug|x64
		{D6FAC40F-9CE9-43B6-AAFD-1E410AAC70F8}.Debug|x86.ActiveCfg = Debug|x64
		{D6FAC40F-9CE9-43B6-AAFD-1E410AAC70F8}.Debug-D3D11|ORBIS.ActiveCfg = Debug-D3D11|x64
		{D6FAC40F-9CE9-43B6-AAFD-1E410AAC70F8}.Debug-D3D11|x64.ActiveCfg = Debug-D3D11|x64
		{D6FAC40F-9CE9-43B6-AAFD-1E410AAC70F8}.Debug-D3D11|x64.Build.0 = Debug-D3D11|x64
		{D6FAC40F-9CE9-43B6-AAFD-1E410AAC70F8}.Debug-D3D11|x86.ActiveCfg = Debug-D3D11|x64
		{D6FAC40F-9CE9-43B6-AAFD-1E410AAC70F8}.Release|ORBIS.ActiveCfg = Release|x64
		{D6FAC40F-9CE9-43B6-AAFD-1E410AAC70F8}.Release|x64.ActiveCfg = Release|x64
		{D6FAC40F-9CE9-43B6-AAFD-1E410AAC70F8}.Release|x64.Build.0 = Release|x64
		{D6FAC40F-9CE9-43B6-AAFD-1E410AAC70F8}.Release|x86.ActiveCfg = Release|x64
		{D6FAC40F-9CE9-43B6-AAFD-1E410AAC70F8}.Release-D3D11|ORBIS.ActiveCfg = Release-D3D11|x64
		{D6FAC40F-9CE9-43B6-AAFD-1E410AAC70F8}.Release-D3D11|x64.ActiveCfg = Release-D3D11|x64
		{D6FAC40F-9CE9-43B6-AAFD-1E410AAC70F8}.Release-D3D11|x64.Build.0 = Release-D3D11|x64
		{D6FAC40F-9CE9-43B6-AAFD-1E410AAC70F8}.Release-D3D11|x86.ActiveCfg = Release-D3D11|x64
		{CD3C974E-1F82-40B5-919F-0C4A640671EE}.Debug|ORBIS.ActiveCfg = Debug|Win32
		{CD3C974E-1F82-40B5-919F-0C4A640671EE}.Debug|x64.ActiveCfg = Debug|x64
		{CD3C974E-1F82-40B5-919F-0C4A640671EE}.Debug|x64.Build.0 = Debug|x64
		{CD3C974E-1F82-40B5-919F-0C4A640671EE}.Debug|x86.ActiveCfg = Debug|Win32
		{CD3C974E-1F82-40B5-919F-0C4A640671EE}.Debug|x86.Build.0 = Debug|Win32
		{CD3C974E-1F82-40B5-919F-0C4A640671EE}.Debug-D3D11|ORBIS.ActiveCfg = Release|x64
		{CD3C974E-1F82-40B5-919F-0C4A640671EE}.Debug-D3D11|ORBIS.Build.0 = Release|x64
		{CD3C974E-1F82-40B5-919F-0C4A640671EE}.Debug-D3D11|x64.ActiveCfg = Debug|x64
		{CD3C974E-1F82-40B5-919F-0C4A640671EE}.Debug-D3D11|x64.Build.0 = Debug|x64
		{CD3C974E-1F82-40B5-919F-0C4A640671EE}.Debug-D3D11|x86.ActiveCfg = Debug|Win32
		{CD3C974E-1F82-40B5-919F-0C4A640671EE}.Debug-D3D11|x86.Build.0 = Debug|Win32
		{CD3C974E-1F82-40B5-919F-0C4A640671EE}.Release|ORBIS.ActiveCfg = Release|Win32
		{CD3C974E-1F82-40B5-919F-0C4A640671EE}.Release|x64.ActiveCfg = Release|x64
		{CD3C974E-1F82-40B5-919F-0C4A640671EE}.Release|x64.Build.0 = Release|x64
		{CD3C974E-1F82-40B5-919F-0C4A640671EE}.Release|x86.ActiveCfg = Release|Win32
		{CD3C974E-1F82-40B5-919F-0C4A640671EE}.Release|x86.Build.0 = Release|Win32
		{CD3C974E-1F82-40B5-919F-0C4A640671EE}.Release-D3D11|ORBIS.ActiveCfg = Release|x64
		{CD3C974E-1F82-40B5-919F-0C4A640671EE}.Release-D3D11|ORBIS.Build.0 = Release|x64
		{CD3C974E-1F82-40B5-919F-0C4A640671EE}.Release-D3D11|x64.ActiveCfg = Release|x64
		{CD3C974E-1F82-40B5-919F-0C4A640671EE}.Release-D3D11|x64.Build.0 = Release|x64
		{CD3C974E-1F82-40B5-919F-0C4A640671EE}.Release-D3D11|x86.ActiveCfg = Release|Win32
		{CD3C974E-1F82-40B5-919F-0C4A640671EE}.Release-D3D11|x86.Build.0 = Release|Win32
		{65DC2798-A471-40A3-B800-39ABC872B96F}.Debug|ORBIS.ActiveCfg = Debug|Win32
		{65DC2798-A471-40A3-B800-39ABC872B96F}.Debug|x64.ActiveCfg = Debug|x64
		{65DC2798-A471-40A3-B800-39ABC872B96F}.Debug|x64.Build.0 = Debug|x64
		{65DC2798-A471-40A3-B800-39ABC872B96F}.Debug|x86.ActiveCfg = Debug|Win32
		{65DC2798-A471-40A3-B800-39ABC872B96F}.Debug|x86.Build.0 = Debug|Win32
		{65DC2798-A471-40A3-B800-39ABC872B96F}.Debug-D3D11|ORBIS.ActiveCfg = Release|x64
		{65DC2798-A471-40A3-B800-39ABC872B96F}.Debug-D3D11|ORBIS.Build.0 = Release|x64
		{65DC2798-A471-40A3-B800-39ABC872B96F}.Debug-D3D11|x64.ActiveCfg = Debug|x64
		{65DC2798-A471-40A3-B800-39ABC872B96F}.Debug-D3D11|x64.Build.0 = Debug|x64
		{65DC2798-A471-40A3-B800-39ABC872B96F}.Debug-D3D11|x86.ActiveCfg = Debug|Win32
		{65DC2798-A471-40A3-B800-39ABC872B96F}.Debug-D3D11|x86.Build.0 = Debug|Win32
		{65DC2798-A471-40A3-B800-39ABC872B96F}.Release|ORBIS.ActiveCfg = Release|Win32
		{65DC2798-A471-40A3-B800-39ABC872B96F}.Release|x64.ActiveCfg = Release|x64
		{65DC2798-A471-40A3-B800-39ABC872B96F}.Release|x64.Build.0 = Release|x64
		{65DC2798-A471-40A3-B800-39ABC872B96F}.Release|x86.ActiveCfg = Release|Win32
		{65DC2798-A471-40A3-B800-39ABC872B96F}.Release|x86.Build.0 = Release|Win32
		{65DC2798-A471-40A3-B800-39ABC872B96F}.Release-D3D11|ORBIS.ActiveCfg = Release|x64
		{65DC2798-A471-40A3-B800-39ABC872B96F}.Release-D3D11|ORBIS.Build.0 = Release|x64
		{65DC2798-A471-40A3-B800-39ABC872B96F}.Release-D3D11|x64.ActiveCfg = Release|x64
		{65DC2798-A471-40A3-B800-39ABC872B96F}.Release-D3D11|x64.Build.0 = Release|x64
		{65DC2798-A471-40A3-B800-39ABC872B96F}.Release-D3D11|x86.ActiveCfg = Release|Win32
		{65DC2798-A471-40A3-B800-39ABC872B96F}.Release-D3D11|x86.Build.0 = Release|Win32
	EndGlobalSection
	GlobalSection(SolutionProperties) = preSolution
		HideSolutionNode = FALSE
	EndGlobalSection
	GlobalSection(NestedProjects) = preSolution
		{0A127210-DADA-4016-ACD4-40FE8319672E} = {6413BD13-91E4-4E03-BFB2-E93F5EA1E78D}
		{F8FADCC2-BCC8-4EDB-8E92-7770A65ED5AE} = {6413BD13-91E4-4E03-BFB2-E93F5EA1E78D}
		{62512045-D664-4F10-861B-7C37BD02015D} = {6413BD13-91E4-4E03-BFB2-E93F5EA1E78D}
		{3FE8275A-D172-49BC-B7F5-85D465F92F97} = {CC53B604-CD80-412C-9CAE-7DC97CBF28EA}
		{CA37B23E-2339-40CD-8FA6-A2C02F709706} = {CC53B604-CD80-412C-9CAE-7DC97CBF28EA}
		{12FB0792-D7B8-4FD5-BE5F-FD1715F9C785} = {CC53B604-CD80-412C-9CAE-7DC97CBF28EA}
		{D6FAC40F-9CE9-43B6-AAFD-1E410AAC70F8} = {CC53B604-CD80-412C-9CAE-7DC97CBF28EA}
		{CD3C974E-1F82-40B5-919F-0C4A640671EE} = {A8E6630B-114D-4C73-B0BD-7AB5D033711C}
		{65DC2798-A471-40A3-B800-39ABC872B96F} = {A8E6630B-114D-4C73-B0BD-7AB5D033711C}
	EndGlobalSection
	GlobalSection(ExtensibilityGlobals) = postSolution
		SolutionGuid = {AF8BCD70-98CE-4A20-947B-4BF663E320B5}
	EndGlobalSection
EndGlobal
